// !$*UTF8*$!
{
	archiveVersion = 1;
	classes = {
	};
	objectVersion = 46;
	objects = {

/* Begin PBXBuildFile section */
		210146C71E0965DA009BAD74 /* CountriesContext.swift in Sources */ = {isa = PBXBuildFile; fileRef = 210146C61E0965DA009BAD74 /* CountriesContext.swift */; };
		21531AF71E01476400196F7D /* PagingContextProtocol.swift in Sources */ = {isa = PBXBuildFile; fileRef = 21531AF61E01476400196F7D /* PagingContextProtocol.swift */; };
		A813DFB41DE4722B0047638B /* AppDelegate.swift in Sources */ = {isa = PBXBuildFile; fileRef = A813DFB31DE4722B0047638B /* AppDelegate.swift */; };
		A813DFB91DE4722B0047638B /* Main.storyboard in Resources */ = {isa = PBXBuildFile; fileRef = A813DFB71DE4722B0047638B /* Main.storyboard */; };
		A813DFBC1DE4722B0047638B /* InfoCountries.xcdatamodeld in Sources */ = {isa = PBXBuildFile; fileRef = A813DFBA1DE4722B0047638B /* InfoCountries.xcdatamodeld */; };
		A813DFBE1DE4722B0047638B /* Assets.xcassets in Resources */ = {isa = PBXBuildFile; fileRef = A813DFBD1DE4722B0047638B /* Assets.xcassets */; };
		A813DFC11DE4722B0047638B /* LaunchScreen.storyboard in Resources */ = {isa = PBXBuildFile; fileRef = A813DFBF1DE4722B0047638B /* LaunchScreen.storyboard */; };
		A813DFCB1DE47B040047638B /* MagicalRecord.framework in Frameworks */ = {isa = PBXBuildFile; fileRef = A813DFC91DE47B040047638B /* MagicalRecord.framework */; };
		A813DFCC1DE47B040047638B /* PromiseKit.framework in Frameworks */ = {isa = PBXBuildFile; fileRef = A813DFCA1DE47B040047638B /* PromiseKit.framework */; };
		A813DFD21DE48C780047638B /* CountriesViewController.swift in Sources */ = {isa = PBXBuildFile; fileRef = A813DFD11DE48C780047638B /* CountriesViewController.swift */; };
		A813DFD51DE48CE50047638B /* CountriesView.swift in Sources */ = {isa = PBXBuildFile; fileRef = A813DFD41DE48CE50047638B /* CountriesView.swift */; };
		A813DFDB1DE4963A0047638B /* ViewControllerRootView.swift in Sources */ = {isa = PBXBuildFile; fileRef = A813DFDA1DE4963A0047638B /* ViewControllerRootView.swift */; };
		A825ABDD1DE5E2050069A45B /* Country+CoreDataClass.swift in Sources */ = {isa = PBXBuildFile; fileRef = A825ABDB1DE5E2050069A45B /* Country+CoreDataClass.swift */; };
		A825ABDE1DE5E2050069A45B /* Country+CoreDataProperties.swift in Sources */ = {isa = PBXBuildFile; fileRef = A825ABDC1DE5E2050069A45B /* Country+CoreDataProperties.swift */; };
		A825ABE21DE5E8310069A45B /* DetailsCountryViewController.swift in Sources */ = {isa = PBXBuildFile; fileRef = A825ABE11DE5E8310069A45B /* DetailsCountryViewController.swift */; };
		A825ABE51DE5E8740069A45B /* DetailsCountryView.swift in Sources */ = {isa = PBXBuildFile; fileRef = A825ABE41DE5E8740069A45B /* DetailsCountryView.swift */; };
		A834BCA91DE886910056937D /* SwiftyJSON.framework in Frameworks */ = {isa = PBXBuildFile; fileRef = A834BCA81DE886910056937D /* SwiftyJSON.framework */; };
		A8358F791DF71F9200FD8948 /* Constants.swift in Sources */ = {isa = PBXBuildFile; fileRef = A8358F781DF71F9200FD8948 /* Constants.swift */; };
		A83C8AF31DE5A35A00E1459C /* CountriesCell.swift in Sources */ = {isa = PBXBuildFile; fileRef = A83C8AF11DE5A35A00E1459C /* CountriesCell.swift */; };
<<<<<<< HEAD
		A86C87391DE8304C00CF7C8F /* Alamofire.framework in Frameworks */ = {isa = PBXBuildFile; fileRef = A86C87381DE8304C00CF7C8F /* Alamofire.framework */; };
=======
>>>>>>> feature/single_promise_
		A878C9341DF9504A002D58FA /* ContextProtocol.swift in Sources */ = {isa = PBXBuildFile; fileRef = A878C9331DF9504A002D58FA /* ContextProtocol.swift */; };
		A878C9361DF954D4002D58FA /* FillingProtocol.swift in Sources */ = {isa = PBXBuildFile; fileRef = A878C9351DF954D4002D58FA /* FillingProtocol.swift */; };
		A878C9381DF972A5002D58FA /* PagingModel.swift in Sources */ = {isa = PBXBuildFile; fileRef = A878C9371DF972A5002D58FA /* PagingModel.swift */; };
		A88472361E43649F000D3429 /* NSError+Extensions.swift in Sources */ = {isa = PBXBuildFile; fileRef = A88472351E43649F000D3429 /* NSError+Extensions.swift */; };
		A88DF58C1E35F4A40007541F /* LoadingView.swift in Sources */ = {isa = PBXBuildFile; fileRef = A88DF58B1E35F4A40007541F /* LoadingView.swift */; };
		A88DF58E1E35F4B30007541F /* LoadingView.xib in Resources */ = {isa = PBXBuildFile; fileRef = A88DF58D1E35F4B30007541F /* LoadingView.xib */; };
		A88DF5921E363EC40007541F /* UIStoryboard+Extensions.swift in Sources */ = {isa = PBXBuildFile; fileRef = A88DF5911E363EC40007541F /* UIStoryboard+Extensions.swift */; };
		A88F4D031DFA98F6005329EA /* PagingProtocol.swift in Sources */ = {isa = PBXBuildFile; fileRef = A88F4D021DFA98F6005329EA /* PagingProtocol.swift */; };
		A8941F001DF7FC3A00D7A66D /* String+Extensions.swift in Sources */ = {isa = PBXBuildFile; fileRef = A8941EFF1DF7FC3A00D7A66D /* String+Extensions.swift */; };
		A8941F081DF832B800D7A66D /* CountryDetailContext.swift in Sources */ = {isa = PBXBuildFile; fileRef = A8941F071DF832B800D7A66D /* CountryDetailContext.swift */; };
		A8BFF2A41E323BCD00D628D5 /* MapKit.framework in Frameworks */ = {isa = PBXBuildFile; fileRef = A8BFF2A31E323BCD00D628D5 /* MapKit.framework */; };
		A8EAEDDE1E420BEC00D42B6A /* UIView+Extensions.swift in Sources */ = {isa = PBXBuildFile; fileRef = A8EAEDDD1E420BEC00D42B6A /* UIView+Extensions.swift */; };
		A8EAEDE01E421D6200D42B6A /* UITableView+Extensions.swift in Sources */ = {isa = PBXBuildFile; fileRef = A8EAEDDF1E421D6200D42B6A /* UITableView+Extensions.swift */; };
		A8EED47E1E30B26000BB24A4 /* MapAnnotation.swift in Sources */ = {isa = PBXBuildFile; fileRef = A8EED47D1E30B26000BB24A4 /* MapAnnotation.swift */; };
/* End PBXBuildFile section */

/* Begin PBXFileReference section */
		210146C61E0965DA009BAD74 /* CountriesContext.swift */ = {isa = PBXFileReference; fileEncoding = 4; lastKnownFileType = sourcecode.swift; path = CountriesContext.swift; sourceTree = "<group>"; };
		21531AF61E01476400196F7D /* PagingContextProtocol.swift */ = {isa = PBXFileReference; fileEncoding = 4; lastKnownFileType = sourcecode.swift; path = PagingContextProtocol.swift; sourceTree = "<group>"; };
		A813DFB01DE4722B0047638B /* InfoCountries.app */ = {isa = PBXFileReference; explicitFileType = wrapper.application; includeInIndex = 0; path = InfoCountries.app; sourceTree = BUILT_PRODUCTS_DIR; };
		A813DFB31DE4722B0047638B /* AppDelegate.swift */ = {isa = PBXFileReference; lastKnownFileType = sourcecode.swift; path = AppDelegate.swift; sourceTree = "<group>"; };
		A813DFB81DE4722B0047638B /* Base */ = {isa = PBXFileReference; lastKnownFileType = file.storyboard; name = Base; path = Base.lproj/Main.storyboard; sourceTree = "<group>"; };
		A813DFBB1DE4722B0047638B /* InfoCountries.xcdatamodel */ = {isa = PBXFileReference; lastKnownFileType = wrapper.xcdatamodel; path = InfoCountries.xcdatamodel; sourceTree = "<group>"; };
		A813DFBD1DE4722B0047638B /* Assets.xcassets */ = {isa = PBXFileReference; lastKnownFileType = folder.assetcatalog; path = Assets.xcassets; sourceTree = "<group>"; };
		A813DFC01DE4722B0047638B /* Base */ = {isa = PBXFileReference; lastKnownFileType = file.storyboard; name = Base; path = Base.lproj/LaunchScreen.storyboard; sourceTree = "<group>"; };
		A813DFC21DE4722B0047638B /* Info.plist */ = {isa = PBXFileReference; lastKnownFileType = text.plist.xml; path = Info.plist; sourceTree = "<group>"; };
		A813DFC91DE47B040047638B /* MagicalRecord.framework */ = {isa = PBXFileReference; lastKnownFileType = wrapper.framework; name = MagicalRecord.framework; path = Carthage/Build/iOS/MagicalRecord.framework; sourceTree = "<group>"; };
		A813DFCA1DE47B040047638B /* PromiseKit.framework */ = {isa = PBXFileReference; lastKnownFileType = wrapper.framework; name = PromiseKit.framework; path = Carthage/Build/iOS/PromiseKit.framework; sourceTree = "<group>"; };
		A813DFD11DE48C780047638B /* CountriesViewController.swift */ = {isa = PBXFileReference; fileEncoding = 4; lastKnownFileType = sourcecode.swift; path = CountriesViewController.swift; sourceTree = "<group>"; };
		A813DFD41DE48CE50047638B /* CountriesView.swift */ = {isa = PBXFileReference; fileEncoding = 4; lastKnownFileType = sourcecode.swift; path = CountriesView.swift; sourceTree = "<group>"; };
		A813DFDA1DE4963A0047638B /* ViewControllerRootView.swift */ = {isa = PBXFileReference; fileEncoding = 4; lastKnownFileType = sourcecode.swift; path = ViewControllerRootView.swift; sourceTree = "<group>"; };
		A825ABDB1DE5E2050069A45B /* Country+CoreDataClass.swift */ = {isa = PBXFileReference; fileEncoding = 4; lastKnownFileType = sourcecode.swift; path = "Country+CoreDataClass.swift"; sourceTree = "<group>"; };
		A825ABDC1DE5E2050069A45B /* Country+CoreDataProperties.swift */ = {isa = PBXFileReference; fileEncoding = 4; lastKnownFileType = sourcecode.swift; path = "Country+CoreDataProperties.swift"; sourceTree = "<group>"; };
		A825ABE11DE5E8310069A45B /* DetailsCountryViewController.swift */ = {isa = PBXFileReference; fileEncoding = 4; lastKnownFileType = sourcecode.swift; path = DetailsCountryViewController.swift; sourceTree = "<group>"; };
		A825ABE41DE5E8740069A45B /* DetailsCountryView.swift */ = {isa = PBXFileReference; fileEncoding = 4; lastKnownFileType = sourcecode.swift; path = DetailsCountryView.swift; sourceTree = "<group>"; };
		A834BCA81DE886910056937D /* SwiftyJSON.framework */ = {isa = PBXFileReference; lastKnownFileType = wrapper.framework; name = SwiftyJSON.framework; path = Carthage/Build/iOS/SwiftyJSON.framework; sourceTree = "<group>"; };
		A8358F781DF71F9200FD8948 /* Constants.swift */ = {isa = PBXFileReference; fileEncoding = 4; lastKnownFileType = sourcecode.swift; path = Constants.swift; sourceTree = "<group>"; };
		A83C8AF11DE5A35A00E1459C /* CountriesCell.swift */ = {isa = PBXFileReference; fileEncoding = 4; lastKnownFileType = sourcecode.swift; path = CountriesCell.swift; sourceTree = "<group>"; };
<<<<<<< HEAD
		A86C87381DE8304C00CF7C8F /* Alamofire.framework */ = {isa = PBXFileReference; lastKnownFileType = wrapper.framework; name = Alamofire.framework; path = Carthage/Build/iOS/Alamofire.framework; sourceTree = "<group>"; };
=======
>>>>>>> feature/single_promise_
		A878C9331DF9504A002D58FA /* ContextProtocol.swift */ = {isa = PBXFileReference; fileEncoding = 4; lastKnownFileType = sourcecode.swift; path = ContextProtocol.swift; sourceTree = "<group>"; };
		A878C9351DF954D4002D58FA /* FillingProtocol.swift */ = {isa = PBXFileReference; fileEncoding = 4; lastKnownFileType = sourcecode.swift; path = FillingProtocol.swift; sourceTree = "<group>"; };
		A878C9371DF972A5002D58FA /* PagingModel.swift */ = {isa = PBXFileReference; fileEncoding = 4; lastKnownFileType = sourcecode.swift; path = PagingModel.swift; sourceTree = "<group>"; };
		A88472351E43649F000D3429 /* NSError+Extensions.swift */ = {isa = PBXFileReference; fileEncoding = 4; lastKnownFileType = sourcecode.swift; path = "NSError+Extensions.swift"; sourceTree = "<group>"; };
		A88DF58B1E35F4A40007541F /* LoadingView.swift */ = {isa = PBXFileReference; fileEncoding = 4; lastKnownFileType = sourcecode.swift; path = LoadingView.swift; sourceTree = "<group>"; };
		A88DF58D1E35F4B30007541F /* LoadingView.xib */ = {isa = PBXFileReference; fileEncoding = 4; lastKnownFileType = file.xib; path = LoadingView.xib; sourceTree = "<group>"; };
		A88DF5911E363EC40007541F /* UIStoryboard+Extensions.swift */ = {isa = PBXFileReference; fileEncoding = 4; lastKnownFileType = sourcecode.swift; path = "UIStoryboard+Extensions.swift"; sourceTree = "<group>"; };
		A88F4D021DFA98F6005329EA /* PagingProtocol.swift */ = {isa = PBXFileReference; fileEncoding = 4; lastKnownFileType = sourcecode.swift; path = PagingProtocol.swift; sourceTree = "<group>"; };
		A8941EFF1DF7FC3A00D7A66D /* String+Extensions.swift */ = {isa = PBXFileReference; fileEncoding = 4; lastKnownFileType = sourcecode.swift; path = "String+Extensions.swift"; sourceTree = "<group>"; };
		A8941F071DF832B800D7A66D /* CountryDetailContext.swift */ = {isa = PBXFileReference; fileEncoding = 4; lastKnownFileType = sourcecode.swift; path = CountryDetailContext.swift; sourceTree = "<group>"; };
		A8BFF2A31E323BCD00D628D5 /* MapKit.framework */ = {isa = PBXFileReference; lastKnownFileType = wrapper.framework; name = MapKit.framework; path = System/Library/Frameworks/MapKit.framework; sourceTree = SDKROOT; };
		A8EAEDDD1E420BEC00D42B6A /* UIView+Extensions.swift */ = {isa = PBXFileReference; fileEncoding = 4; lastKnownFileType = sourcecode.swift; path = "UIView+Extensions.swift"; sourceTree = "<group>"; };
		A8EAEDDF1E421D6200D42B6A /* UITableView+Extensions.swift */ = {isa = PBXFileReference; fileEncoding = 4; lastKnownFileType = sourcecode.swift; path = "UITableView+Extensions.swift"; sourceTree = "<group>"; };
		A8EED47D1E30B26000BB24A4 /* MapAnnotation.swift */ = {isa = PBXFileReference; fileEncoding = 4; lastKnownFileType = sourcecode.swift; path = MapAnnotation.swift; sourceTree = "<group>"; };
/* End PBXFileReference section */

/* Begin PBXFrameworksBuildPhase section */
		A813DFAD1DE4722A0047638B /* Frameworks */ = {
			isa = PBXFrameworksBuildPhase;
			buildActionMask = 2147483647;
			files = (
				A8BFF2A41E323BCD00D628D5 /* MapKit.framework in Frameworks */,
				A813DFCB1DE47B040047638B /* MagicalRecord.framework in Frameworks */,
				A813DFCC1DE47B040047638B /* PromiseKit.framework in Frameworks */,
				A834BCA91DE886910056937D /* SwiftyJSON.framework in Frameworks */,
			);
			runOnlyForDeploymentPostprocessing = 0;
		};
/* End PBXFrameworksBuildPhase section */

/* Begin PBXGroup section */
		A813DFA71DE4722A0047638B = {
			isa = PBXGroup;
			children = (
				A813DFB21DE4722B0047638B /* InfoCountries */,
				A813DFB11DE4722B0047638B /* Products */,
				A813DFC81DE47B040047638B /* Frameworks */,
			);
			sourceTree = "<group>";
		};
		A813DFB11DE4722B0047638B /* Products */ = {
			isa = PBXGroup;
			children = (
				A813DFB01DE4722B0047638B /* InfoCountries.app */,
			);
			name = Products;
			sourceTree = "<group>";
		};
		A813DFB21DE4722B0047638B /* InfoCountries */ = {
			isa = PBXGroup;
			children = (
				A813DFD81DE4916C0047638B /* Library */,
				A813DFCE1DE48C310047638B /* Sourse */,
				A813DFB31DE4722B0047638B /* AppDelegate.swift */,
				A8358F781DF71F9200FD8948 /* Constants.swift */,
				A813DFB71DE4722B0047638B /* Main.storyboard */,
				A813DFBD1DE4722B0047638B /* Assets.xcassets */,
				A813DFBF1DE4722B0047638B /* LaunchScreen.storyboard */,
				A813DFC21DE4722B0047638B /* Info.plist */,
				A813DFBA1DE4722B0047638B /* InfoCountries.xcdatamodeld */,
			);
			path = InfoCountries;
			sourceTree = "<group>";
		};
		A813DFC81DE47B040047638B /* Frameworks */ = {
			isa = PBXGroup;
			children = (
				A8BFF2A31E323BCD00D628D5 /* MapKit.framework */,
				A834BCA81DE886910056937D /* SwiftyJSON.framework */,
<<<<<<< HEAD
				A86C87381DE8304C00CF7C8F /* Alamofire.framework */,
=======
>>>>>>> feature/single_promise_
				A813DFC91DE47B040047638B /* MagicalRecord.framework */,
				A813DFCA1DE47B040047638B /* PromiseKit.framework */,
			);
			name = Frameworks;
			sourceTree = "<group>";
		};
		A813DFCE1DE48C310047638B /* Sourse */ = {
			isa = PBXGroup;
			children = (
				A878C9321DF95026002D58FA /* Protocols */,
				A83C8AF91DE5D20100E1459C /* CoreDataModels */,
				A813DFD71DE48D2C0047638B /* Contexts */,
				A813DFD61DE48D060047638B /* Models */,
				A813DFCF1DE48C480047638B /* UI */,
			);
			path = Sourse;
			sourceTree = "<group>";
		};
		A813DFCF1DE48C480047638B /* UI */ = {
			isa = PBXGroup;
			children = (
				A825ABE01DE5E7020069A45B /* DetailsCountryViewController */,
				A813DFD01DE48C660047638B /* CountriesViewController */,
			);
			path = UI;
			sourceTree = "<group>";
		};
		A813DFD01DE48C660047638B /* CountriesViewController */ = {
			isa = PBXGroup;
			children = (
				A83C8AEC1DE5A31C00E1459C /* CountriesCell */,
				A813DFD31DE48CB90047638B /* CountriesView */,
				A813DFD11DE48C780047638B /* CountriesViewController.swift */,
			);
			path = CountriesViewController;
			sourceTree = "<group>";
		};
		A813DFD31DE48CB90047638B /* CountriesView */ = {
			isa = PBXGroup;
			children = (
				A813DFD41DE48CE50047638B /* CountriesView.swift */,
			);
			path = CountriesView;
			sourceTree = "<group>";
		};
		A813DFD61DE48D060047638B /* Models */ = {
			isa = PBXGroup;
			children = (
				A878C9371DF972A5002D58FA /* PagingModel.swift */,
				A8EED47D1E30B26000BB24A4 /* MapAnnotation.swift */,
			);
			path = Models;
			sourceTree = "<group>";
		};
		A813DFD71DE48D2C0047638B /* Contexts */ = {
			isa = PBXGroup;
			children = (
				210146C61E0965DA009BAD74 /* CountriesContext.swift */,
				A8941F071DF832B800D7A66D /* CountryDetailContext.swift */,
			);
			path = Contexts;
			sourceTree = "<group>";
		};
		A813DFD81DE4916C0047638B /* Library */ = {
			isa = PBXGroup;
			children = (
				A88DF5891E35F4790007541F /* UI */,
				A83C8AF51DE5C3FA00E1459C /* Extensions */,
				A813DFD91DE494070047638B /* Protocols */,
			);
			path = Library;
			sourceTree = "<group>";
		};
		A813DFD91DE494070047638B /* Protocols */ = {
			isa = PBXGroup;
			children = (
				A813DFDA1DE4963A0047638B /* ViewControllerRootView.swift */,
			);
			path = Protocols;
			sourceTree = "<group>";
		};
		A825ABE01DE5E7020069A45B /* DetailsCountryViewController */ = {
			isa = PBXGroup;
			children = (
				A825ABE31DE5E8540069A45B /* DetailsCountryView */,
				A825ABE11DE5E8310069A45B /* DetailsCountryViewController.swift */,
			);
			path = DetailsCountryViewController;
			sourceTree = "<group>";
		};
		A825ABE31DE5E8540069A45B /* DetailsCountryView */ = {
			isa = PBXGroup;
			children = (
				A825ABE41DE5E8740069A45B /* DetailsCountryView.swift */,
			);
			path = DetailsCountryView;
			sourceTree = "<group>";
		};
		A83C8AEC1DE5A31C00E1459C /* CountriesCell */ = {
			isa = PBXGroup;
			children = (
				A83C8AF11DE5A35A00E1459C /* CountriesCell.swift */,
			);
			path = CountriesCell;
			sourceTree = "<group>";
		};
		A83C8AF51DE5C3FA00E1459C /* Extensions */ = {
			isa = PBXGroup;
			children = (
				A8941EFF1DF7FC3A00D7A66D /* String+Extensions.swift */,
				A88DF5911E363EC40007541F /* UIStoryboard+Extensions.swift */,
				A8EAEDDD1E420BEC00D42B6A /* UIView+Extensions.swift */,
				A8EAEDDF1E421D6200D42B6A /* UITableView+Extensions.swift */,
				A88472351E43649F000D3429 /* NSError+Extensions.swift */,
			);
			path = Extensions;
			sourceTree = "<group>";
		};
		A83C8AF91DE5D20100E1459C /* CoreDataModels */ = {
			isa = PBXGroup;
			children = (
				A83C8B011DE5D72400E1459C /* Country */,
			);
			name = CoreDataModels;
			path = Models/CoreDataModels;
			sourceTree = "<group>";
		};
		A83C8B011DE5D72400E1459C /* Country */ = {
			isa = PBXGroup;
			children = (
				A825ABDB1DE5E2050069A45B /* Country+CoreDataClass.swift */,
				A825ABDC1DE5E2050069A45B /* Country+CoreDataProperties.swift */,
			);
			path = Country;
			sourceTree = "<group>";
		};
		A878C9321DF95026002D58FA /* Protocols */ = {
			isa = PBXGroup;
			children = (
				21531AF61E01476400196F7D /* PagingContextProtocol.swift */,
				A878C9331DF9504A002D58FA /* ContextProtocol.swift */,
				A88F4D021DFA98F6005329EA /* PagingProtocol.swift */,
				A878C9351DF954D4002D58FA /* FillingProtocol.swift */,
			);
			path = Protocols;
			sourceTree = "<group>";
		};
		A88DF5891E35F4790007541F /* UI */ = {
			isa = PBXGroup;
			children = (
				A88DF58A1E35F4950007541F /* LoadingView */,
			);
			path = UI;
			sourceTree = "<group>";
		};
		A88DF58A1E35F4950007541F /* LoadingView */ = {
			isa = PBXGroup;
			children = (
				A88DF58B1E35F4A40007541F /* LoadingView.swift */,
				A88DF58D1E35F4B30007541F /* LoadingView.xib */,
			);
			path = LoadingView;
			sourceTree = "<group>";
		};
/* End PBXGroup section */

/* Begin PBXNativeTarget section */
		A813DFAF1DE4722A0047638B /* InfoCountries */ = {
			isa = PBXNativeTarget;
			buildConfigurationList = A813DFC51DE4722B0047638B /* Build configuration list for PBXNativeTarget "InfoCountries" */;
			buildPhases = (
				A813DFAC1DE4722A0047638B /* Sources */,
				A813DFAD1DE4722A0047638B /* Frameworks */,
				A813DFAE1DE4722A0047638B /* Resources */,
				A813DFCD1DE47BA20047638B /* ShellScript */,
			);
			buildRules = (
			);
			dependencies = (
			);
			name = InfoCountries;
			productName = InfoCountries;
			productReference = A813DFB01DE4722B0047638B /* InfoCountries.app */;
			productType = "com.apple.product-type.application";
		};
/* End PBXNativeTarget section */

/* Begin PBXProject section */
		A813DFA81DE4722A0047638B /* Project object */ = {
			isa = PBXProject;
			attributes = {
				LastSwiftUpdateCheck = 0810;
				LastUpgradeCheck = 0810;
				ORGANIZATIONNAME = "Sergey Kulikov";
				TargetAttributes = {
					A813DFAF1DE4722A0047638B = {
						CreatedOnToolsVersion = 8.1;
						ProvisioningStyle = Manual;
					};
				};
			};
			buildConfigurationList = A813DFAB1DE4722A0047638B /* Build configuration list for PBXProject "InfoCountries" */;
			compatibilityVersion = "Xcode 3.2";
			developmentRegion = English;
			hasScannedForEncodings = 0;
			knownRegions = (
				en,
				Base,
			);
			mainGroup = A813DFA71DE4722A0047638B;
			productRefGroup = A813DFB11DE4722B0047638B /* Products */;
			projectDirPath = "";
			projectRoot = "";
			targets = (
				A813DFAF1DE4722A0047638B /* InfoCountries */,
			);
		};
/* End PBXProject section */

/* Begin PBXResourcesBuildPhase section */
		A813DFAE1DE4722A0047638B /* Resources */ = {
			isa = PBXResourcesBuildPhase;
			buildActionMask = 2147483647;
			files = (
				A813DFC11DE4722B0047638B /* LaunchScreen.storyboard in Resources */,
				A88DF58E1E35F4B30007541F /* LoadingView.xib in Resources */,
				A813DFBE1DE4722B0047638B /* Assets.xcassets in Resources */,
				A813DFB91DE4722B0047638B /* Main.storyboard in Resources */,
			);
			runOnlyForDeploymentPostprocessing = 0;
		};
/* End PBXResourcesBuildPhase section */

/* Begin PBXShellScriptBuildPhase section */
		A813DFCD1DE47BA20047638B /* ShellScript */ = {
			isa = PBXShellScriptBuildPhase;
			buildActionMask = 2147483647;
			files = (
			);
			inputPaths = (
				"$(SRCROOT)//Carthage/Build/iOS/MagicalRecord.framework",
				"$(SRCROOT)/Carthage/Build/iOS/PromiseKit.framework",
				"$(SRCROOT)/Carthage/Build/iOS/Alamofire.framework",
				"$(SRCROOT)/Carthage/Build/iOS/SwiftyJSON.framework",
			);
			outputPaths = (
			);
			runOnlyForDeploymentPostprocessing = 0;
			shellPath = /bin/sh;
			shellScript = "/usr/local/bin/carthage copy-frameworks";
		};
/* End PBXShellScriptBuildPhase section */

/* Begin PBXSourcesBuildPhase section */
		A813DFAC1DE4722A0047638B /* Sources */ = {
			isa = PBXSourcesBuildPhase;
			buildActionMask = 2147483647;
			files = (
				A8EAEDE01E421D6200D42B6A /* UITableView+Extensions.swift in Sources */,
				A825ABDE1DE5E2050069A45B /* Country+CoreDataProperties.swift in Sources */,
				A813DFBC1DE4722B0047638B /* InfoCountries.xcdatamodeld in Sources */,
				A83C8AF31DE5A35A00E1459C /* CountriesCell.swift in Sources */,
				A813DFB41DE4722B0047638B /* AppDelegate.swift in Sources */,
				A88472361E43649F000D3429 /* NSError+Extensions.swift in Sources */,
				A878C9361DF954D4002D58FA /* FillingProtocol.swift in Sources */,
				A825ABE21DE5E8310069A45B /* DetailsCountryViewController.swift in Sources */,
				210146C71E0965DA009BAD74 /* CountriesContext.swift in Sources */,
				A8941F081DF832B800D7A66D /* CountryDetailContext.swift in Sources */,
				21531AF71E01476400196F7D /* PagingContextProtocol.swift in Sources */,
				A8EED47E1E30B26000BB24A4 /* MapAnnotation.swift in Sources */,
				A878C9381DF972A5002D58FA /* PagingModel.swift in Sources */,
				A813DFD21DE48C780047638B /* CountriesViewController.swift in Sources */,
				A813DFD51DE48CE50047638B /* CountriesView.swift in Sources */,
				A825ABE51DE5E8740069A45B /* DetailsCountryView.swift in Sources */,
				A8EAEDDE1E420BEC00D42B6A /* UIView+Extensions.swift in Sources */,
				A8941F001DF7FC3A00D7A66D /* String+Extensions.swift in Sources */,
				A813DFDB1DE4963A0047638B /* ViewControllerRootView.swift in Sources */,
				A88DF5921E363EC40007541F /* UIStoryboard+Extensions.swift in Sources */,
				A88F4D031DFA98F6005329EA /* PagingProtocol.swift in Sources */,
				A8358F791DF71F9200FD8948 /* Constants.swift in Sources */,
				A878C9341DF9504A002D58FA /* ContextProtocol.swift in Sources */,
				A825ABDD1DE5E2050069A45B /* Country+CoreDataClass.swift in Sources */,
				A88DF58C1E35F4A40007541F /* LoadingView.swift in Sources */,
			);
			runOnlyForDeploymentPostprocessing = 0;
		};
/* End PBXSourcesBuildPhase section */

/* Begin PBXVariantGroup section */
		A813DFB71DE4722B0047638B /* Main.storyboard */ = {
			isa = PBXVariantGroup;
			children = (
				A813DFB81DE4722B0047638B /* Base */,
			);
			name = Main.storyboard;
			sourceTree = "<group>";
		};
		A813DFBF1DE4722B0047638B /* LaunchScreen.storyboard */ = {
			isa = PBXVariantGroup;
			children = (
				A813DFC01DE4722B0047638B /* Base */,
			);
			name = LaunchScreen.storyboard;
			sourceTree = "<group>";
		};
/* End PBXVariantGroup section */

/* Begin XCBuildConfiguration section */
		A813DFC31DE4722B0047638B /* Debug */ = {
			isa = XCBuildConfiguration;
			buildSettings = {
				ALWAYS_SEARCH_USER_PATHS = NO;
				CLANG_ANALYZER_NONNULL = YES;
				CLANG_CXX_LANGUAGE_STANDARD = "gnu++0x";
				CLANG_CXX_LIBRARY = "libc++";
				CLANG_ENABLE_MODULES = YES;
				CLANG_ENABLE_OBJC_ARC = YES;
				CLANG_WARN_BOOL_CONVERSION = YES;
				CLANG_WARN_CONSTANT_CONVERSION = YES;
				CLANG_WARN_DIRECT_OBJC_ISA_USAGE = YES_ERROR;
				CLANG_WARN_DOCUMENTATION_COMMENTS = YES;
				CLANG_WARN_EMPTY_BODY = YES;
				CLANG_WARN_ENUM_CONVERSION = YES;
				CLANG_WARN_INFINITE_RECURSION = YES;
				CLANG_WARN_INT_CONVERSION = YES;
				CLANG_WARN_OBJC_ROOT_CLASS = YES_ERROR;
				CLANG_WARN_SUSPICIOUS_MOVES = YES;
				CLANG_WARN_UNREACHABLE_CODE = YES;
				CLANG_WARN__DUPLICATE_METHOD_MATCH = YES;
				"CODE_SIGN_IDENTITY[sdk=iphoneos*]" = "iPhone Developer";
				COPY_PHASE_STRIP = NO;
				DEBUG_INFORMATION_FORMAT = dwarf;
				ENABLE_STRICT_OBJC_MSGSEND = YES;
				ENABLE_TESTABILITY = YES;
				GCC_C_LANGUAGE_STANDARD = gnu99;
				GCC_DYNAMIC_NO_PIC = NO;
				GCC_NO_COMMON_BLOCKS = YES;
				GCC_OPTIMIZATION_LEVEL = 0;
				GCC_PREPROCESSOR_DEFINITIONS = (
					"DEBUG=1",
					"$(inherited)",
				);
				GCC_WARN_64_TO_32_BIT_CONVERSION = YES;
				GCC_WARN_ABOUT_RETURN_TYPE = YES_ERROR;
				GCC_WARN_UNDECLARED_SELECTOR = YES;
				GCC_WARN_UNINITIALIZED_AUTOS = YES_AGGRESSIVE;
				GCC_WARN_UNUSED_FUNCTION = YES;
				GCC_WARN_UNUSED_VARIABLE = YES;
				IPHONEOS_DEPLOYMENT_TARGET = 10.1;
				MTL_ENABLE_DEBUG_INFO = YES;
				ONLY_ACTIVE_ARCH = YES;
				SDKROOT = iphoneos;
				SWIFT_ACTIVE_COMPILATION_CONDITIONS = DEBUG;
				SWIFT_OPTIMIZATION_LEVEL = "-Onone";
			};
			name = Debug;
		};
		A813DFC41DE4722B0047638B /* Release */ = {
			isa = XCBuildConfiguration;
			buildSettings = {
				ALWAYS_SEARCH_USER_PATHS = NO;
				CLANG_ANALYZER_NONNULL = YES;
				CLANG_CXX_LANGUAGE_STANDARD = "gnu++0x";
				CLANG_CXX_LIBRARY = "libc++";
				CLANG_ENABLE_MODULES = YES;
				CLANG_ENABLE_OBJC_ARC = YES;
				CLANG_WARN_BOOL_CONVERSION = YES;
				CLANG_WARN_CONSTANT_CONVERSION = YES;
				CLANG_WARN_DIRECT_OBJC_ISA_USAGE = YES_ERROR;
				CLANG_WARN_DOCUMENTATION_COMMENTS = YES;
				CLANG_WARN_EMPTY_BODY = YES;
				CLANG_WARN_ENUM_CONVERSION = YES;
				CLANG_WARN_INFINITE_RECURSION = YES;
				CLANG_WARN_INT_CONVERSION = YES;
				CLANG_WARN_OBJC_ROOT_CLASS = YES_ERROR;
				CLANG_WARN_SUSPICIOUS_MOVES = YES;
				CLANG_WARN_UNREACHABLE_CODE = YES;
				CLANG_WARN__DUPLICATE_METHOD_MATCH = YES;
				"CODE_SIGN_IDENTITY[sdk=iphoneos*]" = "iPhone Developer";
				COPY_PHASE_STRIP = NO;
				DEBUG_INFORMATION_FORMAT = "dwarf-with-dsym";
				ENABLE_NS_ASSERTIONS = NO;
				ENABLE_STRICT_OBJC_MSGSEND = YES;
				GCC_C_LANGUAGE_STANDARD = gnu99;
				GCC_NO_COMMON_BLOCKS = YES;
				GCC_WARN_64_TO_32_BIT_CONVERSION = YES;
				GCC_WARN_ABOUT_RETURN_TYPE = YES_ERROR;
				GCC_WARN_UNDECLARED_SELECTOR = YES;
				GCC_WARN_UNINITIALIZED_AUTOS = YES_AGGRESSIVE;
				GCC_WARN_UNUSED_FUNCTION = YES;
				GCC_WARN_UNUSED_VARIABLE = YES;
				IPHONEOS_DEPLOYMENT_TARGET = 10.1;
				MTL_ENABLE_DEBUG_INFO = NO;
				SDKROOT = iphoneos;
				SWIFT_OPTIMIZATION_LEVEL = "-Owholemodule";
				VALIDATE_PRODUCT = YES;
			};
			name = Release;
		};
		A813DFC61DE4722B0047638B /* Debug */ = {
			isa = XCBuildConfiguration;
			buildSettings = {
				ASSETCATALOG_COMPILER_APPICON_NAME = AppIcon;
				DEVELOPMENT_TEAM = "";
				FRAMEWORK_SEARCH_PATHS = (
					"$(inherited)",
					"$(PROJECT_DIR)/Carthage/Build/iOS",
				);
				GCC_OPTIMIZATION_LEVEL = 0;
				INFOPLIST_FILE = InfoCountries/Info.plist;
				LD_RUNPATH_SEARCH_PATHS = "$(inherited) @executable_path/Frameworks";
				PRODUCT_BUNDLE_IDENTIFIER = idap.com.InfoCountries;
				PRODUCT_NAME = "$(TARGET_NAME)";
				SWIFT_OPTIMIZATION_LEVEL = "-Onone";
				SWIFT_VERSION = 3.0;
			};
			name = Debug;
		};
		A813DFC71DE4722B0047638B /* Release */ = {
			isa = XCBuildConfiguration;
			buildSettings = {
				ASSETCATALOG_COMPILER_APPICON_NAME = AppIcon;
				DEVELOPMENT_TEAM = "";
				FRAMEWORK_SEARCH_PATHS = (
					"$(inherited)",
					"$(PROJECT_DIR)/Carthage/Build/iOS",
				);
				INFOPLIST_FILE = InfoCountries/Info.plist;
				LD_RUNPATH_SEARCH_PATHS = "$(inherited) @executable_path/Frameworks";
				PRODUCT_BUNDLE_IDENTIFIER = idap.com.InfoCountries;
				PRODUCT_NAME = "$(TARGET_NAME)";
				SWIFT_OPTIMIZATION_LEVEL = "-Owholemodule";
				SWIFT_VERSION = 3.0;
			};
			name = Release;
		};
/* End XCBuildConfiguration section */

/* Begin XCConfigurationList section */
		A813DFAB1DE4722A0047638B /* Build configuration list for PBXProject "InfoCountries" */ = {
			isa = XCConfigurationList;
			buildConfigurations = (
				A813DFC31DE4722B0047638B /* Debug */,
				A813DFC41DE4722B0047638B /* Release */,
			);
			defaultConfigurationIsVisible = 0;
			defaultConfigurationName = Release;
		};
		A813DFC51DE4722B0047638B /* Build configuration list for PBXNativeTarget "InfoCountries" */ = {
			isa = XCConfigurationList;
			buildConfigurations = (
				A813DFC61DE4722B0047638B /* Debug */,
				A813DFC71DE4722B0047638B /* Release */,
			);
			defaultConfigurationIsVisible = 0;
			defaultConfigurationName = Release;
		};
/* End XCConfigurationList section */

/* Begin XCVersionGroup section */
		A813DFBA1DE4722B0047638B /* InfoCountries.xcdatamodeld */ = {
			isa = XCVersionGroup;
			children = (
				A813DFBB1DE4722B0047638B /* InfoCountries.xcdatamodel */,
			);
			currentVersion = A813DFBB1DE4722B0047638B /* InfoCountries.xcdatamodel */;
			path = InfoCountries.xcdatamodeld;
			sourceTree = "<group>";
			versionGroupType = wrapper.xcdatamodel;
		};
/* End XCVersionGroup section */
	};
	rootObject = A813DFA81DE4722A0047638B /* Project object */;
}
